
Microsoft Visual Studio Solution File, Format Version 12.00
# Visual Studio 15
VisualStudioVersion = 15.0.27703.2035
MinimumVisualStudioVersion = 10.0.40219.1
Project("{FAE04EC0-301F-11D3-BF4B-00C04F79EFBC}") = "DCConfigParserShared", "DCConfigParserShared\DCConfigParserShared.csproj", "{E3B542F5-CA78-4B25-A6F5-9B14CFD6D037}"
EndProject
Global
	GlobalSection(SolutionConfigurationPlatforms) = preSolution
		Debug|Any CPU = Debug|Any CPU
		Release|Any CPU = Release|Any CPU
	EndGlobalSection
	GlobalSection(ProjectConfigurationPlatforms) = postSolution
		{E3B542F5-CA78-4B25-A6F5-9B14CFD6D037}.Debug|Any CPU.ActiveCfg = Debug|Any CPU
		{E3B542F5-CA78-4B25-A6F5-9B14CFD6D037}.Debug|Any CPU.Build.0 = Debug|Any CPU
		{E3B542F5-CA78-4B25-A6F5-9B14CFD6D037}.Release|Any CPU.ActiveCfg = Release|Any CPU
		{E3B542F5-CA78-4B25-A6F5-9B14CFD6D037}.Release|Any CPU.Build.0 = Release|Any CPU
	EndGlobalSection
	GlobalSection(SolutionProperties) = preSolution
		HideSolutionNode = FALSE
	EndGlobalSection
	GlobalSection(ExtensibilityGlobals) = postSolution
		SolutionGuid = {DD8B4626-89D4-4D93-8C56-B8DFF8B362DF}
	EndGlobalSection
EndGlobal
