
Microsoft Visual Studio Solution File, Format Version 12.00
# Visual Studio 15
VisualStudioVersion = 15.0.27703.2035
MinimumVisualStudioVersion = 10.0.40219.1
Project("{FAE04EC0-301F-11D3-BF4B-00C04F79EFBC}") = "DCStreetNameClient", "DCStreetNameClient\DCStreetNameClient.csproj", "{B2698941-302A-4130-8B64-36484C62A128}"
EndProject
Global
	GlobalSection(SolutionConfigurationPlatforms) = preSolution
		Debug|Any CPU = Debug|Any CPU
		Release|Any CPU = Release|Any CPU
	EndGlobalSection
	GlobalSection(ProjectConfigurationPlatforms) = postSolution
		{B2698941-302A-4130-8B64-36484C62A128}.Debug|Any CPU.ActiveCfg = Debug|Any CPU
		{B2698941-302A-4130-8B64-36484C62A128}.Debug|Any CPU.Build.0 = Debug|Any CPU
		{B2698941-302A-4130-8B64-36484C62A128}.Release|Any CPU.ActiveCfg = Release|Any CPU
		{B2698941-302A-4130-8B64-36484C62A128}.Release|Any CPU.Build.0 = Release|Any CPU
	EndGlobalSection
	GlobalSection(SolutionProperties) = preSolution
		HideSolutionNode = FALSE
	EndGlobalSection
	GlobalSection(ExtensibilityGlobals) = postSolution
		SolutionGuid = {A4CD6A81-F733-4DD1-94FF-8C7D45FF91C6}
	EndGlobalSection
EndGlobal
