
Microsoft Visual Studio Solution File, Format Version 12.00
# Visual Studio 15
VisualStudioVersion = 15.0.27703.2035
MinimumVisualStudioVersion = 10.0.40219.1
Project("{FAE04EC0-301F-11D3-BF4B-00C04F79EFBC}") = "LMDisableDispatchClient", "LMDisableDispatchClient\LMDisableDispatchClient.csproj", "{26128632-A1BA-4B66-B064-DCCFB2FC7EFB}"
EndProject
Global
	GlobalSection(SolutionConfigurationPlatforms) = preSolution
		Debug|Any CPU = Debug|Any CPU
		Release|Any CPU = Release|Any CPU
	EndGlobalSection
	GlobalSection(ProjectConfigurationPlatforms) = postSolution
		{26128632-A1BA-4B66-B064-DCCFB2FC7EFB}.Debug|Any CPU.ActiveCfg = Debug|Any CPU
		{26128632-A1BA-4B66-B064-DCCFB2FC7EFB}.Debug|Any CPU.Build.0 = Debug|Any CPU
		{26128632-A1BA-4B66-B064-DCCFB2FC7EFB}.Release|Any CPU.ActiveCfg = Release|Any CPU
		{26128632-A1BA-4B66-B064-DCCFB2FC7EFB}.Release|Any CPU.Build.0 = Release|Any CPU
	EndGlobalSection
	GlobalSection(SolutionProperties) = preSolution
		HideSolutionNode = FALSE
	EndGlobalSection
	GlobalSection(ExtensibilityGlobals) = postSolution
		SolutionGuid = {50351AEF-49F7-451A-9D27-A4F0C7233451}
	EndGlobalSection
EndGlobal
